
Microsoft Visual Studio Solution File, Format Version 12.00
# Visual Studio Version 17
VisualStudioVersion = 17.11.35303.130
MinimumVisualStudioVersion = 10.0.40219.1
Project("{FAE04EC0-301F-11D3-BF4B-00C04F79EFBC}") = "ConsoleApp4", "ConsoleApp4\ConsoleApp4.csproj", "{036C7FEA-D902-4CD2-A0B1-A97C13A33CBA}"
EndProject
Global
	GlobalSection(SolutionConfigurationPlatforms) = preSolution
		Debug|Any CPU = Debug|Any CPU
		Release|Any CPU = Release|Any CPU
	EndGlobalSection
	GlobalSection(ProjectConfigurationPlatforms) = postSolution
		{036C7FEA-D902-4CD2-A0B1-A97C13A33CBA}.Debug|Any CPU.ActiveCfg = Debug|Any CPU
		{036C7FEA-D902-4CD2-A0B1-A97C13A33CBA}.Debug|Any CPU.Build.0 = Debug|Any CPU
		{036C7FEA-D902-4CD2-A0B1-A97C13A33CBA}.Release|Any CPU.ActiveCfg = Release|Any CPU
		{036C7FEA-D902-4CD2-A0B1-A97C13A33CBA}.Release|Any CPU.Build.0 = Release|Any CPU
	EndGlobalSection
	GlobalSection(SolutionProperties) = preSolution
		HideSolutionNode = FALSE
	EndGlobalSection
	GlobalSection(ExtensibilityGlobals) = postSolution
		SolutionGuid = {45401C15-3B64-40B8-84F6-0639A471D768}
	EndGlobalSection
EndGlobal
