
Microsoft Visual Studio Solution File, Format Version 12.00
# Visual Studio Version 17
VisualStudioVersion = 17.11.35303.130
MinimumVisualStudioVersion = 10.0.40219.1
Project("{FAE04EC0-301F-11D3-BF4B-00C04F79EFBC}") = "Zadatak10", "Zadatak10\Zadatak10.csproj", "{D40C24DE-0B22-4D83-B731-3AE166AE0DBE}"
EndProject
Global
	GlobalSection(SolutionConfigurationPlatforms) = preSolution
		Debug|Any CPU = Debug|Any CPU
		Release|Any CPU = Release|Any CPU
	EndGlobalSection
	GlobalSection(ProjectConfigurationPlatforms) = postSolution
		{D40C24DE-0B22-4D83-B731-3AE166AE0DBE}.Debug|Any CPU.ActiveCfg = Debug|Any CPU
		{D40C24DE-0B22-4D83-B731-3AE166AE0DBE}.Debug|Any CPU.Build.0 = Debug|Any CPU
		{D40C24DE-0B22-4D83-B731-3AE166AE0DBE}.Release|Any CPU.ActiveCfg = Release|Any CPU
		{D40C24DE-0B22-4D83-B731-3AE166AE0DBE}.Release|Any CPU.Build.0 = Release|Any CPU
	EndGlobalSection
	GlobalSection(SolutionProperties) = preSolution
		HideSolutionNode = FALSE
	EndGlobalSection
	GlobalSection(ExtensibilityGlobals) = postSolution
		SolutionGuid = {B3CED1A2-BFAF-4A01-A78F-6E6B4F665055}
	EndGlobalSection
EndGlobal
